
Microsoft Visual Studio Solution File, Format Version 12.00
# Visual Studio 15
VisualStudioVersion = 15.0.28010.2050
MinimumVisualStudioVersion = 10.0.40219.1
Project("{8BC9CEB8-8B4A-11D0-8D11-00A0C91BC942}") = "axpyLabGPU", "axpyLabGPU\axpyLabGPU.vcxproj", "{CA4ACD54-6726-4B3A-8F12-738D025F8290}"
EndProject
Global
	GlobalSection(SolutionConfigurationPlatforms) = preSolution
		Debug|x64 = Debug|x64
		Debug|x86 = Debug|x86
		Release|x64 = Release|x64
		Release|x86 = Release|x86
	EndGlobalSection
	GlobalSection(ProjectConfigurationPlatforms) = postSolution
		{CA4ACD54-6726-4B3A-8F12-738D025F8290}.Debug|x64.ActiveCfg = Debug|x64
		{CA4ACD54-6726-4B3A-8F12-738D025F8290}.Debug|x64.Build.0 = Debug|x64
		{CA4ACD54-6726-4B3A-8F12-738D025F8290}.Debug|x86.ActiveCfg = Debug|Win32
		{CA4ACD54-6726-4B3A-8F12-738D025F8290}.Debug|x86.Build.0 = Debug|Win32
		{CA4ACD54-6726-4B3A-8F12-738D025F8290}.Release|x64.ActiveCfg = Release|x64
		{CA4ACD54-6726-4B3A-8F12-738D025F8290}.Release|x64.Build.0 = Release|x64
		{CA4ACD54-6726-4B3A-8F12-738D025F8290}.Release|x86.ActiveCfg = Release|Win32
		{CA4ACD54-6726-4B3A-8F12-738D025F8290}.Release|x86.Build.0 = Release|Win32
	EndGlobalSection
	GlobalSection(SolutionProperties) = preSolution
		HideSolutionNode = FALSE
	EndGlobalSection
	GlobalSection(ExtensibilityGlobals) = postSolution
		SolutionGuid = {888AD0B9-DB1B-4599-999A-866AF5DC2381}
	EndGlobalSection
EndGlobal
